// !$*UTF8*$!
{
	archiveVersion = 1;
	classes = {
	};
	objectVersion = 50;
	objects = {

/* Begin PBXBuildFile section */
		3CFD2BA9258A8748002ADCB7 /* BinaryConverterApp.swift in Sources */ = {isa = PBXBuildFile; fileRef = 3CFD2BA8258A8748002ADCB7 /* BinaryConverterApp.swift */; };
		3CFD2BAB258A8748002ADCB7 /* ContentView.swift in Sources */ = {isa = PBXBuildFile; fileRef = 3CFD2BAA258A8748002ADCB7 /* ContentView.swift */; };
		3CFD2BAD258A8750002ADCB7 /* Assets.xcassets in Resources */ = {isa = PBXBuildFile; fileRef = 3CFD2BAC258A8750002ADCB7 /* Assets.xcassets */; };
		3CFD2BB0258A8750002ADCB7 /* Preview Assets.xcassets in Resources */ = {isa = PBXBuildFile; fileRef = 3CFD2BAF258A8750002ADCB7 /* Preview Assets.xcassets */; };
		3CFD2BBC258A8751002ADCB7 /* BinaryConverterTests.swift in Sources */ = {isa = PBXBuildFile; fileRef = 3CFD2BBB258A8751002ADCB7 /* BinaryConverterTests.swift */; };
		3CFD2BC7258A8751002ADCB7 /* BinaryConverterUITests.swift in Sources */ = {isa = PBXBuildFile; fileRef = 3CFD2BC6258A8751002ADCB7 /* BinaryConverterUITests.swift */; };
/* End PBXBuildFile section */

/* Begin PBXContainerItemProxy section */
		3CFD2BB8258A8751002ADCB7 /* PBXContainerItemProxy */ = {
			isa = PBXContainerItemProxy;
			containerPortal = 3CFD2B9D258A8747002ADCB7 /* Project object */;
			proxyType = 1;
			remoteGlobalIDString = 3CFD2BA4258A8747002ADCB7;
			remoteInfo = BinaryConverter;
		};
		3CFD2BC3258A8751002ADCB7 /* PBXContainerItemProxy */ = {
			isa = PBXContainerItemProxy;
			containerPortal = 3CFD2B9D258A8747002ADCB7 /* Project object */;
			proxyType = 1;
			remoteGlobalIDString = 3CFD2BA4258A8747002ADCB7;
			remoteInfo = BinaryConverter;
		};
/* End PBXContainerItemProxy section */

/* Begin PBXFileReference section */
		3CFD2BA5258A8748002ADCB7 /* BinaryConverter.app */ = {isa = PBXFileReference; explicitFileType = wrapper.application; includeInIndex = 0; path = BinaryConverter.app; sourceTree = BUILT_PRODUCTS_DIR; };
		3CFD2BA8258A8748002ADCB7 /* BinaryConverterApp.swift */ = {isa = PBXFileReference; lastKnownFileType = sourcecode.swift; path = BinaryConverterApp.swift; sourceTree = "<group>"; };
		3CFD2BAA258A8748002ADCB7 /* ContentView.swift */ = {isa = PBXFileReference; lastKnownFileType = sourcecode.swift; path = ContentView.swift; sourceTree = "<group>"; };
		3CFD2BAC258A8750002ADCB7 /* Assets.xcassets */ = {isa = PBXFileReference; lastKnownFileType = folder.assetcatalog; path = Assets.xcassets; sourceTree = "<group>"; };
		3CFD2BAF258A8750002ADCB7 /* Preview Assets.xcassets */ = {isa = PBXFileReference; lastKnownFileType = folder.assetcatalog; path = "Preview Assets.xcassets"; sourceTree = "<group>"; };
		3CFD2BB1258A8750002ADCB7 /* Info.plist */ = {isa = PBXFileReference; lastKnownFileType = text.plist.xml; path = Info.plist; sourceTree = "<group>"; };
		3CFD2BB2258A8750002ADCB7 /* BinaryConverter.entitlements */ = {isa = PBXFileReference; lastKnownFileType = text.plist.entitlements; path = BinaryConverter.entitlements; sourceTree = "<group>"; };
		3CFD2BB7258A8751002ADCB7 /* BinaryConverterTests.xctest */ = {isa = PBXFileReference; explicitFileType = wrapper.cfbundle; includeInIndex = 0; path = BinaryConverterTests.xctest; sourceTree = BUILT_PRODUCTS_DIR; };
		3CFD2BBB258A8751002ADCB7 /* BinaryConverterTests.swift */ = {isa = PBXFileReference; lastKnownFileType = sourcecode.swift; path = BinaryConverterTests.swift; sourceTree = "<group>"; };
		3CFD2BBD258A8751002ADCB7 /* Info.plist */ = {isa = PBXFileReference; lastKnownFileType = text.plist.xml; path = Info.plist; sourceTree = "<group>"; };
		3CFD2BC2258A8751002ADCB7 /* BinaryConverterUITests.xctest */ = {isa = PBXFileReference; explicitFileType = wrapper.cfbundle; includeInIndex = 0; path = BinaryConverterUITests.xctest; sourceTree = BUILT_PRODUCTS_DIR; };
		3CFD2BC6258A8751002ADCB7 /* BinaryConverterUITests.swift */ = {isa = PBXFileReference; lastKnownFileType = sourcecode.swift; path = BinaryConverterUITests.swift; sourceTree = "<group>"; };
		3CFD2BC8258A8751002ADCB7 /* Info.plist */ = {isa = PBXFileReference; lastKnownFileType = text.plist.xml; path = Info.plist; sourceTree = "<group>"; };
/* End PBXFileReference section */

/* Begin PBXFrameworksBuildPhase section */
		3CFD2BA2258A8747002ADCB7 /* Frameworks */ = {
			isa = PBXFrameworksBuildPhase;
			buildActionMask = 2147483647;
			files = (
			);
			runOnlyForDeploymentPostprocessing = 0;
		};
		3CFD2BB4258A8751002ADCB7 /* Frameworks */ = {
			isa = PBXFrameworksBuildPhase;
			buildActionMask = 2147483647;
			files = (
			);
			runOnlyForDeploymentPostprocessing = 0;
		};
		3CFD2BBF258A8751002ADCB7 /* Frameworks */ = {
			isa = PBXFrameworksBuildPhase;
			buildActionMask = 2147483647;
			files = (
			);
			runOnlyForDeploymentPostprocessing = 0;
		};
/* End PBXFrameworksBuildPhase section */

/* Begin PBXGroup section */
		3CFD2B9C258A8747002ADCB7 = {
			isa = PBXGroup;
			children = (
				3CFD2BA7258A8748002ADCB7 /* BinaryConverter */,
				3CFD2BBA258A8751002ADCB7 /* BinaryConverterTests */,
				3CFD2BC5258A8751002ADCB7 /* BinaryConverterUITests */,
				3CFD2BA6258A8748002ADCB7 /* Products */,
			);
			sourceTree = "<group>";
		};
		3CFD2BA6258A8748002ADCB7 /* Products */ = {
			isa = PBXGroup;
			children = (
				3CFD2BA5258A8748002ADCB7 /* BinaryConverter.app */,
				3CFD2BB7258A8751002ADCB7 /* BinaryConverterTests.xctest */,
				3CFD2BC2258A8751002ADCB7 /* BinaryConverterUITests.xctest */,
			);
			name = Products;
			sourceTree = "<group>";
		};
		3CFD2BA7258A8748002ADCB7 /* BinaryConverter */ = {
			isa = PBXGroup;
			children = (
				3CFD2BA8258A8748002ADCB7 /* BinaryConverterApp.swift */,
				3CFD2BAA258A8748002ADCB7 /* ContentView.swift */,
				3CFD2BAC258A8750002ADCB7 /* Assets.xcassets */,
				3CFD2BB1258A8750002ADCB7 /* Info.plist */,
				3CFD2BB2258A8750002ADCB7 /* BinaryConverter.entitlements */,
				3CFD2BAE258A8750002ADCB7 /* Preview Content */,
			);
			path = BinaryConverter;
			sourceTree = "<group>";
		};
		3CFD2BAE258A8750002ADCB7 /* Preview Content */ = {
			isa = PBXGroup;
			children = (
				3CFD2BAF258A8750002ADCB7 /* Preview Assets.xcassets */,
			);
			path = "Preview Content";
			sourceTree = "<group>";
		};
		3CFD2BBA258A8751002ADCB7 /* BinaryConverterTests */ = {
			isa = PBXGroup;
			children = (
				3CFD2BBB258A8751002ADCB7 /* BinaryConverterTests.swift */,
				3CFD2BBD258A8751002ADCB7 /* Info.plist */,
			);
			path = BinaryConverterTests;
			sourceTree = "<group>";
		};
		3CFD2BC5258A8751002ADCB7 /* BinaryConverterUITests */ = {
			isa = PBXGroup;
			children = (
				3CFD2BC6258A8751002ADCB7 /* BinaryConverterUITests.swift */,
				3CFD2BC8258A8751002ADCB7 /* Info.plist */,
			);
			path = BinaryConverterUITests;
			sourceTree = "<group>";
		};
/* End PBXGroup section */

/* Begin PBXNativeTarget section */
		3CFD2BA4258A8747002ADCB7 /* BinaryConverter */ = {
			isa = PBXNativeTarget;
			buildConfigurationList = 3CFD2BCB258A8751002ADCB7 /* Build configuration list for PBXNativeTarget "BinaryConverter" */;
			buildPhases = (
				3CFD2BA1258A8747002ADCB7 /* Sources */,
				3CFD2BA2258A8747002ADCB7 /* Frameworks */,
				3CFD2BA3258A8747002ADCB7 /* Resources */,
			);
			buildRules = (
			);
			dependencies = (
			);
			name = BinaryConverter;
			productName = BinaryConverter;
			productReference = 3CFD2BA5258A8748002ADCB7 /* BinaryConverter.app */;
			productType = "com.apple.product-type.application";
		};
		3CFD2BB6258A8751002ADCB7 /* BinaryConverterTests */ = {
			isa = PBXNativeTarget;
			buildConfigurationList = 3CFD2BCE258A8751002ADCB7 /* Build configuration list for PBXNativeTarget "BinaryConverterTests" */;
			buildPhases = (
				3CFD2BB3258A8751002ADCB7 /* Sources */,
				3CFD2BB4258A8751002ADCB7 /* Frameworks */,
				3CFD2BB5258A8751002ADCB7 /* Resources */,
			);
			buildRules = (
			);
			dependencies = (
				3CFD2BB9258A8751002ADCB7 /* PBXTargetDependency */,
			);
			name = BinaryConverterTests;
			productName = BinaryConverterTests;
			productReference = 3CFD2BB7258A8751002ADCB7 /* BinaryConverterTests.xctest */;
			productType = "com.apple.product-type.bundle.unit-test";
		};
		3CFD2BC1258A8751002ADCB7 /* BinaryConverterUITests */ = {
			isa = PBXNativeTarget;
			buildConfigurationList = 3CFD2BD1258A8751002ADCB7 /* Build configuration list for PBXNativeTarget "BinaryConverterUITests" */;
			buildPhases = (
				3CFD2BBE258A8751002ADCB7 /* Sources */,
				3CFD2BBF258A8751002ADCB7 /* Frameworks */,
				3CFD2BC0258A8751002ADCB7 /* Resources */,
			);
			buildRules = (
			);
			dependencies = (
				3CFD2BC4258A8751002ADCB7 /* PBXTargetDependency */,
			);
			name = BinaryConverterUITests;
			productName = BinaryConverterUITests;
			productReference = 3CFD2BC2258A8751002ADCB7 /* BinaryConverterUITests.xctest */;
			productType = "com.apple.product-type.bundle.ui-testing";
		};
/* End PBXNativeTarget section */

/* Begin PBXProject section */
		3CFD2B9D258A8747002ADCB7 /* Project object */ = {
			isa = PBXProject;
			attributes = {
				LastSwiftUpdateCheck = 1230;
				LastUpgradeCheck = 1230;
				TargetAttributes = {
					3CFD2BA4258A8747002ADCB7 = {
						CreatedOnToolsVersion = 12.3;
					};
					3CFD2BB6258A8751002ADCB7 = {
						CreatedOnToolsVersion = 12.3;
						TestTargetID = 3CFD2BA4258A8747002ADCB7;
					};
					3CFD2BC1258A8751002ADCB7 = {
						CreatedOnToolsVersion = 12.3;
						TestTargetID = 3CFD2BA4258A8747002ADCB7;
					};
				};
			};
			buildConfigurationList = 3CFD2BA0258A8747002ADCB7 /* Build configuration list for PBXProject "BinaryConverter" */;
			compatibilityVersion = "Xcode 9.3";
			developmentRegion = en;
			hasScannedForEncodings = 0;
			knownRegions = (
				en,
				Base,
			);
			mainGroup = 3CFD2B9C258A8747002ADCB7;
			productRefGroup = 3CFD2BA6258A8748002ADCB7 /* Products */;
			projectDirPath = "";
			projectRoot = "";
			targets = (
				3CFD2BA4258A8747002ADCB7 /* BinaryConverter */,
				3CFD2BB6258A8751002ADCB7 /* BinaryConverterTests */,
				3CFD2BC1258A8751002ADCB7 /* BinaryConverterUITests */,
			);
		};
/* End PBXProject section */

/* Begin PBXResourcesBuildPhase section */
		3CFD2BA3258A8747002ADCB7 /* Resources */ = {
			isa = PBXResourcesBuildPhase;
			buildActionMask = 2147483647;
			files = (
				3CFD2BB0258A8750002ADCB7 /* Preview Assets.xcassets in Resources */,
				3CFD2BAD258A8750002ADCB7 /* Assets.xcassets in Resources */,
			);
			runOnlyForDeploymentPostprocessing = 0;
		};
		3CFD2BB5258A8751002ADCB7 /* Resources */ = {
			isa = PBXResourcesBuildPhase;
			buildActionMask = 2147483647;
			files = (
			);
			runOnlyForDeploymentPostprocessing = 0;
		};
		3CFD2BC0258A8751002ADCB7 /* Resources */ = {
			isa = PBXResourcesBuildPhase;
			buildActionMask = 2147483647;
			files = (
			);
			runOnlyForDeploymentPostprocessing = 0;
		};
/* End PBXResourcesBuildPhase section */

/* Begin PBXSourcesBuildPhase section */
		3CFD2BA1258A8747002ADCB7 /* Sources */ = {
			isa = PBXSourcesBuildPhase;
			buildActionMask = 2147483647;
			files = (
				3CFD2BAB258A8748002ADCB7 /* ContentView.swift in Sources */,
				3CFD2BA9258A8748002ADCB7 /* BinaryConverterApp.swift in Sources */,
			);
			runOnlyForDeploymentPostprocessing = 0;
		};
		3CFD2BB3258A8751002ADCB7 /* Sources */ = {
			isa = PBXSourcesBuildPhase;
			buildActionMask = 2147483647;
			files = (
				3CFD2BBC258A8751002ADCB7 /* BinaryConverterTests.swift in Sources */,
			);
			runOnlyForDeploymentPostprocessing = 0;
		};
		3CFD2BBE258A8751002ADCB7 /* Sources */ = {
			isa = PBXSourcesBuildPhase;
			buildActionMask = 2147483647;
			files = (
				3CFD2BC7258A8751002ADCB7 /* BinaryConverterUITests.swift in Sources */,
			);
			runOnlyForDeploymentPostprocessing = 0;
		};
/* End PBXSourcesBuildPhase section */

/* Begin PBXTargetDependency section */
		3CFD2BB9258A8751002ADCB7 /* PBXTargetDependency */ = {
			isa = PBXTargetDependency;
			target = 3CFD2BA4258A8747002ADCB7 /* BinaryConverter */;
			targetProxy = 3CFD2BB8258A8751002ADCB7 /* PBXContainerItemProxy */;
		};
		3CFD2BC4258A8751002ADCB7 /* PBXTargetDependency */ = {
			isa = PBXTargetDependency;
			target = 3CFD2BA4258A8747002ADCB7 /* BinaryConverter */;
			targetProxy = 3CFD2BC3258A8751002ADCB7 /* PBXContainerItemProxy */;
		};
/* End PBXTargetDependency section */

/* Begin XCBuildConfiguration section */
		3CFD2BC9258A8751002ADCB7 /* Debug */ = {
			isa = XCBuildConfiguration;
			buildSettings = {
				ALWAYS_SEARCH_USER_PATHS = NO;
				CLANG_ANALYZER_NONNULL = YES;
				CLANG_ANALYZER_NUMBER_OBJECT_CONVERSION = YES_AGGRESSIVE;
				CLANG_CXX_LANGUAGE_STANDARD = "gnu++14";
				CLANG_CXX_LIBRARY = "libc++";
				CLANG_ENABLE_MODULES = YES;
				CLANG_ENABLE_OBJC_ARC = YES;
				CLANG_ENABLE_OBJC_WEAK = YES;
				CLANG_WARN_BLOCK_CAPTURE_AUTORELEASING = YES;
				CLANG_WARN_BOOL_CONVERSION = YES;
				CLANG_WARN_COMMA = YES;
				CLANG_WARN_CONSTANT_CONVERSION = YES;
				CLANG_WARN_DEPRECATED_OBJC_IMPLEMENTATIONS = YES;
				CLANG_WARN_DIRECT_OBJC_ISA_USAGE = YES_ERROR;
				CLANG_WARN_DOCUMENTATION_COMMENTS = YES;
				CLANG_WARN_EMPTY_BODY = YES;
				CLANG_WARN_ENUM_CONVERSION = YES;
				CLANG_WARN_INFINITE_RECURSION = YES;
				CLANG_WARN_INT_CONVERSION = YES;
				CLANG_WARN_NON_LITERAL_NULL_CONVERSION = YES;
				CLANG_WARN_OBJC_IMPLICIT_RETAIN_SELF = YES;
				CLANG_WARN_OBJC_LITERAL_CONVERSION = YES;
				CLANG_WARN_OBJC_ROOT_CLASS = YES_ERROR;
				CLANG_WARN_QUOTED_INCLUDE_IN_FRAMEWORK_HEADER = YES;
				CLANG_WARN_RANGE_LOOP_ANALYSIS = YES;
				CLANG_WARN_STRICT_PROTOTYPES = YES;
				CLANG_WARN_SUSPICIOUS_MOVE = YES;
				CLANG_WARN_UNGUARDED_AVAILABILITY = YES_AGGRESSIVE;
				CLANG_WARN_UNREACHABLE_CODE = YES;
				CLANG_WARN__DUPLICATE_METHOD_MATCH = YES;
				COPY_PHASE_STRIP = NO;
				DEBUG_INFORMATION_FORMAT = dwarf;
				ENABLE_STRICT_OBJC_MSGSEND = YES;
				ENABLE_TESTABILITY = YES;
				GCC_C_LANGUAGE_STANDARD = gnu11;
				GCC_DYNAMIC_NO_PIC = NO;
				GCC_NO_COMMON_BLOCKS = YES;
				GCC_OPTIMIZATION_LEVEL = 0;
				GCC_PREPROCESSOR_DEFINITIONS = (
					"DEBUG=1",
					"$(inherited)",
				);
				GCC_WARN_64_TO_32_BIT_CONVERSION = YES;
				GCC_WARN_ABOUT_RETURN_TYPE = YES_ERROR;
				GCC_WARN_UNDECLARED_SELECTOR = YES;
				GCC_WARN_UNINITIALIZED_AUTOS = YES_AGGRESSIVE;
				GCC_WARN_UNUSED_FUNCTION = YES;
				GCC_WARN_UNUSED_VARIABLE = YES;
				MACOSX_DEPLOYMENT_TARGET = 11.1;
				MTL_ENABLE_DEBUG_INFO = INCLUDE_SOURCE;
				MTL_FAST_MATH = YES;
				ONLY_ACTIVE_ARCH = YES;
				SDKROOT = macosx;
				SWIFT_ACTIVE_COMPILATION_CONDITIONS = DEBUG;
				SWIFT_OPTIMIZATION_LEVEL = "-Onone";
			};
			name = Debug;
		};
		3CFD2BCA258A8751002ADCB7 /* Release */ = {
			isa = XCBuildConfiguration;
			buildSettings = {
				ALWAYS_SEARCH_USER_PATHS = NO;
				CLANG_ANALYZER_NONNULL = YES;
				CLANG_ANALYZER_NUMBER_OBJECT_CONVERSION = YES_AGGRESSIVE;
				CLANG_CXX_LANGUAGE_STANDARD = "gnu++14";
				CLANG_CXX_LIBRARY = "libc++";
				CLANG_ENABLE_MODULES = YES;
				CLANG_ENABLE_OBJC_ARC = YES;
				CLANG_ENABLE_OBJC_WEAK = YES;
				CLANG_WARN_BLOCK_CAPTURE_AUTORELEASING = YES;
				CLANG_WARN_BOOL_CONVERSION = YES;
				CLANG_WARN_COMMA = YES;
				CLANG_WARN_CONSTANT_CONVERSION = YES;
				CLANG_WARN_DEPRECATED_OBJC_IMPLEMENTATIONS = YES;
				CLANG_WARN_DIRECT_OBJC_ISA_USAGE = YES_ERROR;
				CLANG_WARN_DOCUMENTATION_COMMENTS = YES;
				CLANG_WARN_EMPTY_BODY = YES;
				CLANG_WARN_ENUM_CONVERSION = YES;
				CLANG_WARN_INFINITE_RECURSION = YES;
				CLANG_WARN_INT_CONVERSION = YES;
				CLANG_WARN_NON_LITERAL_NULL_CONVERSION = YES;
				CLANG_WARN_OBJC_IMPLICIT_RETAIN_SELF = YES;
				CLANG_WARN_OBJC_LITERAL_CONVERSION = YES;
				CLANG_WARN_OBJC_ROOT_CLASS = YES_ERROR;
				CLANG_WARN_QUOTED_INCLUDE_IN_FRAMEWORK_HEADER = YES;
				CLANG_WARN_RANGE_LOOP_ANALYSIS = YES;
				CLANG_WARN_STRICT_PROTOTYPES = YES;
				CLANG_WARN_SUSPICIOUS_MOVE = YES;
				CLANG_WARN_UNGUARDED_AVAILABILITY = YES_AGGRESSIVE;
				CLANG_WARN_UNREACHABLE_CODE = YES;
				CLANG_WARN__DUPLICATE_METHOD_MATCH = YES;
				COPY_PHASE_STRIP = NO;
				DEBUG_INFORMATION_FORMAT = "dwarf-with-dsym";
				ENABLE_NS_ASSERTIONS = NO;
				ENABLE_STRICT_OBJC_MSGSEND = YES;
				GCC_C_LANGUAGE_STANDARD = gnu11;
				GCC_NO_COMMON_BLOCKS = YES;
				GCC_WARN_64_TO_32_BIT_CONVERSION = YES;
				GCC_WARN_ABOUT_RETURN_TYPE = YES_ERROR;
				GCC_WARN_UNDECLARED_SELECTOR = YES;
				GCC_WARN_UNINITIALIZED_AUTOS = YES_AGGRESSIVE;
				GCC_WARN_UNUSED_FUNCTION = YES;
				GCC_WARN_UNUSED_VARIABLE = YES;
				MACOSX_DEPLOYMENT_TARGET = 11.1;
				MTL_ENABLE_DEBUG_INFO = NO;
				MTL_FAST_MATH = YES;
				SDKROOT = macosx;
				SWIFT_COMPILATION_MODE = wholemodule;
				SWIFT_OPTIMIZATION_LEVEL = "-O";
			};
			name = Release;
		};
		3CFD2BCC258A8751002ADCB7 /* Debug */ = {
			isa = XCBuildConfiguration;
			buildSettings = {
				ASSETCATALOG_COMPILER_APPICON_NAME = AppIcon;
				ASSETCATALOG_COMPILER_GLOBAL_ACCENT_COLOR_NAME = AccentColor;
				CODE_SIGN_ENTITLEMENTS = BinaryConverter/BinaryConverter.entitlements;
				CODE_SIGN_STYLE = Automatic;
				COMBINE_HIDPI_IMAGES = YES;
				DEVELOPMENT_ASSET_PATHS = "\"BinaryConverter/Preview Content\"";
				DEVELOPMENT_TEAM = PZWVB29HCE;
				ENABLE_HARDENED_RUNTIME = YES;
				ENABLE_PREVIEWS = YES;
				INFOPLIST_FILE = BinaryConverter/Info.plist;
				LD_RUNPATH_SEARCH_PATHS = (
					"$(inherited)",
					"@executable_path/../Frameworks",
				);
				MACOSX_DEPLOYMENT_TARGET = 11.0;
				PRODUCT_BUNDLE_IDENTIFIER = com.longjects.BinaryConverter;
				PRODUCT_NAME = "$(TARGET_NAME)";
				SWIFT_VERSION = 5.0;
			};
			name = Debug;
		};
		3CFD2BCD258A8751002ADCB7 /* Release */ = {
			isa = XCBuildConfiguration;
			buildSettings = {
				ASSETCATALOG_COMPILER_APPICON_NAME = AppIcon;
				ASSETCATALOG_COMPILER_GLOBAL_ACCENT_COLOR_NAME = AccentColor;
				CODE_SIGN_ENTITLEMENTS = BinaryConverter/BinaryConverter.entitlements;
				CODE_SIGN_STYLE = Automatic;
				COMBINE_HIDPI_IMAGES = YES;
				DEVELOPMENT_ASSET_PATHS = "\"BinaryConverter/Preview Content\"";
				DEVELOPMENT_TEAM = PZWVB29HCE;
				ENABLE_HARDENED_RUNTIME = YES;
				ENABLE_PREVIEWS = YES;
				INFOPLIST_FILE = BinaryConverter/Info.plist;
				LD_RUNPATH_SEARCH_PATHS = (
					"$(inherited)",
					"@executable_path/../Frameworks",
				);
				MACOSX_DEPLOYMENT_TARGET = 11.0;
				PRODUCT_BUNDLE_IDENTIFIER = com.longjects.BinaryConverter;
				PRODUCT_NAME = "$(TARGET_NAME)";
				SWIFT_VERSION = 5.0;
			};
			name = Release;
		};
		3CFD2BCF258A8751002ADCB7 /* Debug */ = {
			isa = XCBuildConfiguration;
			buildSettings = {
				ALWAYS_EMBED_SWIFT_STANDARD_LIBRARIES = YES;
				BUNDLE_LOADER = "$(TEST_HOST)";
				CODE_SIGN_STYLE = Automatic;
				COMBINE_HIDPI_IMAGES = YES;
				DEVELOPMENT_TEAM = PZWVB29HCE;
				INFOPLIST_FILE = BinaryConverterTests/Info.plist;
				LD_RUNPATH_SEARCH_PATHS = (
					"$(inherited)",
					"@executable_path/../Frameworks",
					"@loader_path/../Frameworks",
				);
				MACOSX_DEPLOYMENT_TARGET = 11.0;
				PRODUCT_BUNDLE_IDENTIFIER = com.longjects.BinaryConverterTests;
				PRODUCT_NAME = "$(TARGET_NAME)";
				SWIFT_VERSION = 5.0;
				TEST_HOST = "$(BUILT_PRODUCTS_DIR)/BinaryConverter.app/Contents/MacOS/BinaryConverter";
			};
			name = Debug;
		};
		3CFD2BD0258A8751002ADCB7 /* Release */ = {
			isa = XCBuildConfiguration;
			buildSettings = {
				ALWAYS_EMBED_SWIFT_STANDARD_LIBRARIES = YES;
				BUNDLE_LOADER = "$(TEST_HOST)";
				CODE_SIGN_STYLE = Automatic;
				COMBINE_HIDPI_IMAGES = YES;
				DEVELOPMENT_TEAM = PZWVB29HCE;
				INFOPLIST_FILE = BinaryConverterTests/Info.plist;
				LD_RUNPATH_SEARCH_PATHS = (
					"$(inherited)",
					"@executable_path/../Frameworks",
					"@loader_path/../Frameworks",
				);
				MACOSX_DEPLOYMENT_TARGET = 11.0;
				PRODUCT_BUNDLE_IDENTIFIER = com.longjects.BinaryConverterTests;
				PRODUCT_NAME = "$(TARGET_NAME)";
				SWIFT_VERSION = 5.0;
				TEST_HOST = "$(BUILT_PRODUCTS_DIR)/BinaryConverter.app/Contents/MacOS/BinaryConverter";
			};
			name = Release;
		};
		3CFD2BD2258A8751002ADCB7 /* Debug */ = {
			isa = XCBuildConfiguration;
			buildSettings = {
				ALWAYS_EMBED_SWIFT_STANDARD_LIBRARIES = YES;
				CODE_SIGN_STYLE = Automatic;
				COMBINE_HIDPI_IMAGES = YES;
				DEVELOPMENT_TEAM = PZWVB29HCE;
				INFOPLIST_FILE = BinaryConverterUITests/Info.plist;
				LD_RUNPATH_SEARCH_PATHS = (
					"$(inherited)",
					"@executable_path/../Frameworks",
					"@loader_path/../Frameworks",
				);
				PRODUCT_BUNDLE_IDENTIFIER = com.longjects.BinaryConverterUITests;
				PRODUCT_NAME = "$(TARGET_NAME)";
				SWIFT_VERSION = 5.0;
				TEST_TARGET_NAME = BinaryConverter;
			};
			name = Debug;
		};
		3CFD2BD3258A8751002ADCB7 /* Release */ = {
			isa = XCBuildConfiguration;
			buildSettings = {
				ALWAYS_EMBED_SWIFT_STANDARD_LIBRARIES = YES;
				CODE_SIGN_STYLE = Automatic;
				COMBINE_HIDPI_IMAGES = YES;
				DEVELOPMENT_TEAM = PZWVB29HCE;
				INFOPLIST_FILE = BinaryConverterUITests/Info.plist;
				LD_RUNPATH_SEARCH_PATHS = (
					"$(inherited)",
					"@executable_path/../Frameworks",
					"@loader_path/../Frameworks",
				);
				PRODUCT_BUNDLE_IDENTIFIER = com.longjects.BinaryConverterUITests;
				PRODUCT_NAME = "$(TARGET_NAME)";
				SWIFT_VERSION = 5.0;
				TEST_TARGET_NAME = BinaryConverter;
			};
			name = Release;
		};
/* End XCBuildConfiguration section */

/* Begin XCConfigurationList section */
		3CFD2BA0258A8747002ADCB7 /* Build configuration list for PBXProject "BinaryConverter" */ = {
			isa = XCConfigurationList;
			buildConfigurations = (
				3CFD2BC9258A8751002ADCB7 /* Debug */,
				3CFD2BCA258A8751002ADCB7 /* Release */,
			);
			defaultConfigurationIsVisible = 0;
			defaultConfigurationName = Release;
		};
		3CFD2BCB258A8751002ADCB7 /* Build configuration list for PBXNativeTarget "BinaryConverter" */ = {
			isa = XCConfigurationList;
			buildConfigurations = (
				3CFD2BCC258A8751002ADCB7 /* Debug */,
				3CFD2BCD258A8751002ADCB7 /* Release */,
			);
			defaultConfigurationIsVisible = 0;
			defaultConfigurationName = Release;
		};
		3CFD2BCE258A8751002ADCB7 /* Build configuration list for PBXNativeTarget "BinaryConverterTests" */ = {
			isa = XCConfigurationList;
			buildConfigurations = (
				3CFD2BCF258A8751002ADCB7 /* Debug */,
				3CFD2BD0258A8751002ADCB7 /* Release */,
			);
			defaultConfigurationIsVisible = 0;
			defaultConfigurationName = Release;
		};
		3CFD2BD1258A8751002ADCB7 /* Build configuration list for PBXNativeTarget "BinaryConverterUITests" */ = {
			isa = XCConfigurationList;
			buildConfigurations = (
				3CFD2BD2258A8751002ADCB7 /* Debug */,
				3CFD2BD3258A8751002ADCB7 /* Release */,
			);
			defaultConfigurationIsVisible = 0;
			defaultConfigurationName = Release;
		};
/* End XCConfigurationList section */
	};
	rootObject = 3CFD2B9D258A8747002ADCB7 /* Project object */;
}
